
Microsoft Visual Studio Solution File, Format Version 12.00
# Visual Studio Version 17
VisualStudioVersion = 17.7.34221.43
MinimumVisualStudioVersion = 10.0.40219.1
Project("{FAE04EC0-301F-11D3-BF4B-00C04F79EFBC}") = "ProjectMicrosoftWord", "ProjectMicrosoftWord.csproj", "{D57DB3F1-1B01-470E-BB6A-8E6F8F9E1D73}"
EndProject
Global
	GlobalSection(SolutionConfigurationPlatforms) = preSolution
		Debug|Any CPU = Debug|Any CPU
		Release|Any CPU = Release|Any CPU
	EndGlobalSection
	GlobalSection(ProjectConfigurationPlatforms) = postSolution
		{D57DB3F1-1B01-470E-BB6A-8E6F8F9E1D73}.Debug|Any CPU.ActiveCfg = Debug|Any CPU
		{D57DB3F1-1B01-470E-BB6A-8E6F8F9E1D73}.Debug|Any CPU.Build.0 = Debug|Any CPU
		{D57DB3F1-1B01-470E-BB6A-8E6F8F9E1D73}.Release|Any CPU.ActiveCfg = Release|Any CPU
		{D57DB3F1-1B01-470E-BB6A-8E6F8F9E1D73}.Release|Any CPU.Build.0 = Release|Any CPU
	EndGlobalSection
	GlobalSection(SolutionProperties) = preSolution
		HideSolutionNode = FALSE
	EndGlobalSection
	GlobalSection(ExtensibilityGlobals) = postSolution
		SolutionGuid = {75BF819D-4156-47E6-8243-5B0B610DF143}
	EndGlobalSection
EndGlobal
